# THIS IS AN AUTOGENERATED FILE. DO NOT EDIT THIS FILE DIRECTLY.
# yarn lockfile v1


gridjs@^6.2.0:
  version "6.2.0"
  resolved "https://registry.yarnpkg.com/gridjs/-/gridjs-6.2.0.tgz#c04008d43e8426298a04ef8637cde1e787138514"
  integrity sha512-EAGGfHjyEXWh12Txs6DjTGnWTo226wbowtMrLI+yNZQaJpvs0m7yDcyM7r+D4RA7rZQVj/cfmwEaRz/rlxg8LA==
  dependencies:
    preact "^10.11.3"

preact@^10.11.3:
  version "10.20.2"
  resolved "https://registry.yarnpkg.com/preact/-/preact-10.20.2.tgz#0b343299a8c020562311cc25db93b3d832ec5e71"
  integrity sha512-S1d1ernz3KQ+Y2awUxKakpfOg2CEmJmwOP+6igPx6dgr6pgDvenqYviyokWso2rhHvGtTlWWnJDa7RaPbQerTg==
